# This file is autogenerated, do not edit; changes may be undone by the next 'dep ensure'.


[[projects]]
  name = "github.com/agoussia/godes"
  packages = ["."]
  revision = "a072bf999eff2feb6a0c15a3eaa520cb12dbb963"
  version = "v1.0"

[solve-meta]
  analyzer-name = "dep"
  analyzer-version = 1
  inputs-digest = "8cf29206a8ba9fa94976ad27d4cd1533c097f2c7e50db450c0ab804db40a277a"
  solver-name = "gps-cdcl"
  solver-version = 1
